
Microsoft Visual Studio Solution File, Format Version 12.00
# Visual Studio Version 16
VisualStudioVersion = 16.0.30907.101
MinimumVisualStudioVersion = 10.0.40219.1
Project("{FAE04EC0-301F-11D3-BF4B-00C04F79EFBC}") = "CotizApp", "CotizApp.csproj", "{2762FE3A-A4A3-44FC-A19A-1C51B60B8665}"
EndProject
Global
	GlobalSection(SolutionConfigurationPlatforms) = preSolution
		Debug|Any CPU = Debug|Any CPU
		Release|Any CPU = Release|Any CPU
	EndGlobalSection
	GlobalSection(ProjectConfigurationPlatforms) = postSolution
		{2762FE3A-A4A3-44FC-A19A-1C51B60B8665}.Debug|Any CPU.ActiveCfg = Debug|Any CPU
		{2762FE3A-A4A3-44FC-A19A-1C51B60B8665}.Debug|Any CPU.Build.0 = Debug|Any CPU
		{2762FE3A-A4A3-44FC-A19A-1C51B60B8665}.Release|Any CPU.ActiveCfg = Release|Any CPU
		{2762FE3A-A4A3-44FC-A19A-1C51B60B8665}.Release|Any CPU.Build.0 = Release|Any CPU
	EndGlobalSection
	GlobalSection(SolutionProperties) = preSolution
		HideSolutionNode = FALSE
	EndGlobalSection
	GlobalSection(ExtensibilityGlobals) = postSolution
		SolutionGuid = {79BC6D77-3C83-414A-BF70-16EE34914457}
	EndGlobalSection
EndGlobal
